{
  "version": 4,
  "terraform_version": "1.13.5",
  "serial": 102,
  "lineage": "155dad07-b684-4f3d-c4a2-186cfae57c80",
  "outputs": {
    "artifact_bucket": {
      "value": "timerapp-2997d-artifacts",
      "type": "string"
    },
    "cleanup_function_name": {
      "value": "scheduledRoomCleanup",
      "type": "string"
    },
    "cleanup_topic": {
      "value": "cleanup-topic",
      "type": "string"
    },
    "function_runtime_service_account": {
      "value": "timer-app-function@timerapp-2997d.iam.gserviceaccount.com",
      "type": "string"
    },
    "github_actions_service_account_email": {
      "value": "github-actions@timerapp-2997d.iam.gserviceaccount.com",
      "type": "string"
    },
    "workload_identity_config": {
      "value": {
        "service_account_email": "github-actions@timerapp-2997d.iam.gserviceaccount.com",
        "workload_identity_provider": "projects/timerapp-2997d/locations/global/workloadIdentityPools/github-pool/providers/github-provider"
      },
      "type": [
        "object",
        {
          "service_account_email": "string",
          "workload_identity_provider": "string"
        }
      ]
    },
    "workload_identity_pool_name": {
      "value": "projects/341637730794/locations/global/workloadIdentityPools/github-pool",
      "type": "string"
    },
    "workload_identity_provider_name": {
      "value": "projects/timerapp-2997d/locations/global/workloadIdentityPools/github-pool/providers/github-provider",
      "type": "string"
    }
  },
  "resources": [
    {
      "mode": "managed",
      "type": "google_cloud_scheduler_job",
      "name": "cleanup_scheduler",
      "provider": "provider[\"registry.terraform.io/hashicorp/google\"]",
      "instances": [
        {
          "schema_version": 0,
          "attributes": {
            "app_engine_http_target": [],
            "attempt_deadline": "0s",
            "description": "Trigger cleanup-topic every 15 minutes",
            "http_target": [],
            "id": "projects/timerapp-2997d/locations/us-central1/jobs/cleanup-scheduler",
            "name": "cleanup-scheduler",
            "paused": false,
            "project": "timerapp-2997d",
            "pubsub_target": [
              {
                "attributes": {},
                "data": "e30=",
                "topic_name": "projects/timerapp-2997d/topics/cleanup-topic"
              }
            ],
            "region": "us-central1",
            "retry_config": [],
            "schedule": "*/15 * * * *",
            "state": "ENABLED",
            "time_zone": "UTC",
            "timeouts": null
          },
          "sensitive_attributes": [],
          "identity_schema_version": 0,
          "private": "eyJlMmJmYjczMC1lY2FhLTExZTYtOGY4OC0zNDM2M2JjN2M0YzAiOnsiY3JlYXRlIjoxMjAwMDAwMDAwMDAwLCJkZWxldGUiOjEyMDAwMDAwMDAwMDAsInVwZGF0ZSI6MTIwMDAwMDAwMDAwMH19",
          "dependencies": [
            "google_pubsub_topic.cleanup_topic"
          ]
        }
      ]
    },
    {
      "mode": "managed",
      "type": "google_cloudfunctions_function",
      "name": "cleanup_function",
      "provider": "provider[\"registry.terraform.io/hashicorp/google\"]",
      "instances": [
        {
          "index_key": 0,
          "schema_version": 0,
          "attributes": {
            "available_memory_mb": 256,
            "build_environment_variables": null,
            "build_worker_pool": "",
            "description": "Scheduled cleanup for Timer App",
            "docker_registry": "ARTIFACT_REGISTRY",
            "docker_repository": "",
            "entry_point": "scheduledRoomCleanup",
            "environment_variables": {},
            "event_trigger": [
              {
                "event_type": "providers/cloud.pubsub/eventTypes/topic.publish",
                "failure_policy": [
                  {
                    "retry": false
                  }
                ],
                "resource": "projects/timerapp-2997d/topics/cleanup-topic"
              }
            ],
            "https_trigger_security_level": null,
            "https_trigger_url": null,
            "id": "projects/timerapp-2997d/locations/us-central1/functions/scheduledRoomCleanup",
            "ingress_settings": "ALLOW_ALL",
            "kms_key_name": "",
            "labels": {},
            "max_instances": 3000,
            "min_instances": 0,
            "name": "scheduledRoomCleanup",
            "project": "timerapp-2997d",
            "region": "us-central1",
            "runtime": "nodejs20",
            "secret_environment_variables": [],
            "secret_volumes": [],
            "service_account_email": "ci-deployer@timerapp-2997d.iam.gserviceaccount.com",
            "source_archive_bucket": "timerapp-2997d-artifacts",
            "source_archive_object": "functions/cleanup.zip",
            "source_repository": [],
            "status": "OFFLINE",
            "timeout": 60,
            "timeouts": {
              "create": null,
              "delete": null,
              "read": null,
              "update": null
            },
            "trigger_http": null,
            "vpc_connector": "",
            "vpc_connector_egress_settings": ""
          },
          "sensitive_attributes": [],
          "identity_schema_version": 0,
          "private": "eyJlMmJmYjczMC1lY2FhLTExZTYtOGY4OC0zNDM2M2JjN2M0YzAiOnsiY3JlYXRlIjozMDAwMDAwMDAwMDAsImRlbGV0ZSI6MzAwMDAwMDAwMDAwLCJyZWFkIjozMDAwMDAwMDAwMDAsInVwZGF0ZSI6MzAwMDAwMDAwMDAwfSwic2NoZW1hX3ZlcnNpb24iOiIwIn0=",
          "dependencies": [
            "google_pubsub_topic.cleanup_topic",
            "google_service_account.ci_deployer",
            "google_storage_bucket.artifact_bucket",
            "google_storage_bucket_object.function_zip"
          ]
        }
      ]
    },
    {
      "mode": "managed",
      "type": "google_iam_workload_identity_pool",
      "name": "github",
      "provider": "provider[\"registry.terraform.io/hashicorp/google\"]",
      "instances": [
        {
          "schema_version": 0,
          "attributes": {
            "description": "",
            "disabled": false,
            "display_name": "GitHub Actions Pool",
            "id": "projects/timerapp-2997d/locations/global/workloadIdentityPools/github-pool",
            "name": "projects/341637730794/locations/global/workloadIdentityPools/github-pool",
            "project": "timerapp-2997d",
            "state": "ACTIVE",
            "timeouts": null,
            "workload_identity_pool_id": "github-pool"
          },
          "sensitive_attributes": [],
          "identity_schema_version": 0,
          "private": "eyJlMmJmYjczMC1lY2FhLTExZTYtOGY4OC0zNDM2M2JjN2M0YzAiOnsiY3JlYXRlIjoxMjAwMDAwMDAwMDAwLCJkZWxldGUiOjEyMDAwMDAwMDAwMDAsInVwZGF0ZSI6MTIwMDAwMDAwMDAwMH19"
        }
      ]
    },
    {
      "mode": "managed",
      "type": "google_iam_workload_identity_pool_provider",
      "name": "github",
      "provider": "provider[\"registry.terraform.io/hashicorp/google\"]",
      "instances": [
        {
          "schema_version": 0,
          "attributes": {
            "attribute_condition": "assertion.repository_owner == 'cemakpolat'",
            "attribute_mapping": {
              "attribute.actor": "assertion.actor",
              "attribute.aud": "assertion.aud",
              "attribute.repository": "assertion.repository",
              "google.subject": "assertion.sub"
            },
            "aws": [],
            "description": "",
            "disabled": false,
            "display_name": "GitHub Provider",
            "id": "projects/timerapp-2997d/locations/global/workloadIdentityPools/github-pool/providers/github-provider",
            "name": "projects/341637730794/locations/global/workloadIdentityPools/github-pool/providers/github-provider",
            "oidc": [
              {
                "allowed_audiences": [],
                "issuer_uri": "https://token.actions.githubusercontent.com",
                "jwks_json": ""
              }
            ],
            "project": "timerapp-2997d",
            "state": "ACTIVE",
            "timeouts": null,
            "workload_identity_pool_id": "github-pool",
            "workload_identity_pool_provider_id": "github-provider"
          },
          "sensitive_attributes": [],
          "identity_schema_version": 0,
          "private": "eyJlMmJmYjczMC1lY2FhLTExZTYtOGY4OC0zNDM2M2JjN2M0YzAiOnsiY3JlYXRlIjoxMjAwMDAwMDAwMDAwLCJkZWxldGUiOjEyMDAwMDAwMDAwMDAsInVwZGF0ZSI6MTIwMDAwMDAwMDAwMH19",
          "dependencies": [
            "google_iam_workload_identity_pool.github"
          ]
        }
      ]
    },
    {
      "mode": "managed",
      "type": "google_project_iam_member",
      "name": "ci_cloud_functions_admin",
      "provider": "provider[\"registry.terraform.io/hashicorp/google\"]",
      "instances": [
        {
          "schema_version": 0,
          "attributes": {
            "condition": [],
            "etag": "BwZD2+KXZ3A=",
            "id": "timerapp-2997d/roles/cloudfunctions.admin/serviceAccount:github-actions@timerapp-2997d.iam.gserviceaccount.com",
            "member": "serviceAccount:github-actions@timerapp-2997d.iam.gserviceaccount.com",
            "project": "timerapp-2997d",
            "role": "roles/cloudfunctions.admin"
          },
          "sensitive_attributes": [],
          "identity_schema_version": 0,
          "private": "bnVsbA==",
          "dependencies": [
            "google_service_account.github_actions"
          ]
        }
      ]
    },
    {
      "mode": "managed",
      "type": "google_project_iam_member",
      "name": "ci_cloudscheduler_admin",
      "provider": "provider[\"registry.terraform.io/hashicorp/google\"]",
      "instances": [
        {
          "schema_version": 0,
          "attributes": {
            "condition": [],
            "etag": "BwZD2+KXZ3A=",
            "id": "timerapp-2997d/roles/cloudscheduler.admin/serviceAccount:github-actions@timerapp-2997d.iam.gserviceaccount.com",
            "member": "serviceAccount:github-actions@timerapp-2997d.iam.gserviceaccount.com",
            "project": "timerapp-2997d",
            "role": "roles/cloudscheduler.admin"
          },
          "sensitive_attributes": [],
          "identity_schema_version": 0,
          "private": "bnVsbA==",
          "dependencies": [
            "google_service_account.github_actions"
          ]
        }
      ]
    },
    {
      "mode": "managed",
      "type": "google_project_iam_member",
      "name": "ci_compute_admin",
      "provider": "provider[\"registry.terraform.io/hashicorp/google\"]",
      "instances": [
        {
          "schema_version": 0,
          "attributes": {
            "condition": [],
            "etag": "BwZD2+KXZ3A=",
            "id": "timerapp-2997d/roles/compute.admin/serviceAccount:github-actions@timerapp-2997d.iam.gserviceaccount.com",
            "member": "serviceAccount:github-actions@timerapp-2997d.iam.gserviceaccount.com",
            "project": "timerapp-2997d",
            "role": "roles/compute.admin"
          },
          "sensitive_attributes": [],
          "identity_schema_version": 0,
          "private": "bnVsbA==",
          "dependencies": [
            "google_service_account.github_actions"
          ]
        }
      ]
    },
    {
      "mode": "managed",
      "type": "google_project_iam_member",
      "name": "ci_pubsub_admin",
      "provider": "provider[\"registry.terraform.io/hashicorp/google\"]",
      "instances": [
        {
          "schema_version": 0,
          "attributes": {
            "condition": [],
            "etag": "BwZD2+KXZ3A=",
            "id": "timerapp-2997d/roles/pubsub.admin/serviceAccount:github-actions@timerapp-2997d.iam.gserviceaccount.com",
            "member": "serviceAccount:github-actions@timerapp-2997d.iam.gserviceaccount.com",
            "project": "timerapp-2997d",
            "role": "roles/pubsub.admin"
          },
          "sensitive_attributes": [],
          "identity_schema_version": 0,
          "private": "bnVsbA==",
          "dependencies": [
            "google_service_account.github_actions"
          ]
        }
      ]
    },
    {
      "mode": "managed",
      "type": "google_project_iam_member",
      "name": "ci_service_account_user",
      "provider": "provider[\"registry.terraform.io/hashicorp/google\"]",
      "instances": [
        {
          "schema_version": 0,
          "attributes": {
            "condition": [],
            "etag": "BwZD2+KXZ3A=",
            "id": "timerapp-2997d/roles/iam.serviceAccountUser/serviceAccount:github-actions@timerapp-2997d.iam.gserviceaccount.com",
            "member": "serviceAccount:github-actions@timerapp-2997d.iam.gserviceaccount.com",
            "project": "timerapp-2997d",
            "role": "roles/iam.serviceAccountUser"
          },
          "sensitive_attributes": [],
          "identity_schema_version": 0,
          "private": "bnVsbA==",
          "dependencies": [
            "google_service_account.github_actions"
          ]
        }
      ]
    },
    {
      "mode": "managed",
      "type": "google_project_iam_member",
      "name": "ci_storage_admin",
      "provider": "provider[\"registry.terraform.io/hashicorp/google\"]",
      "instances": [
        {
          "schema_version": 0,
          "attributes": {
            "condition": [],
            "etag": "BwZD2+KXZ3A=",
            "id": "timerapp-2997d/roles/storage.admin/serviceAccount:github-actions@timerapp-2997d.iam.gserviceaccount.com",
            "member": "serviceAccount:github-actions@timerapp-2997d.iam.gserviceaccount.com",
            "project": "timerapp-2997d",
            "role": "roles/storage.admin"
          },
          "sensitive_attributes": [],
          "identity_schema_version": 0,
          "private": "bnVsbA==",
          "dependencies": [
            "google_service_account.github_actions"
          ]
        }
      ]
    },
    {
      "mode": "managed",
      "type": "google_project_iam_member",
      "name": "function_pubsub_subscriber",
      "provider": "provider[\"registry.terraform.io/hashicorp/google\"]",
      "instances": [
        {
          "schema_version": 0,
          "attributes": {
            "condition": [],
            "etag": "BwZD2+KXZ3A=",
            "id": "timerapp-2997d/roles/pubsub.subscriber/serviceAccount:timer-app-function@timerapp-2997d.iam.gserviceaccount.com",
            "member": "serviceAccount:timer-app-function@timerapp-2997d.iam.gserviceaccount.com",
            "project": "timerapp-2997d",
            "role": "roles/pubsub.subscriber"
          },
          "sensitive_attributes": [],
          "identity_schema_version": 0,
          "private": "bnVsbA==",
          "dependencies": [
            "google_service_account.function_runtime"
          ]
        }
      ]
    },
    {
      "mode": "managed",
      "type": "google_project_iam_member",
      "name": "function_storage_object_viewer",
      "provider": "provider[\"registry.terraform.io/hashicorp/google\"]",
      "instances": [
        {
          "schema_version": 0,
          "attributes": {
            "condition": [],
            "etag": "BwZD2+KXZ3A=",
            "id": "timerapp-2997d/roles/storage.objectViewer/serviceAccount:timer-app-function@timerapp-2997d.iam.gserviceaccount.com",
            "member": "serviceAccount:timer-app-function@timerapp-2997d.iam.gserviceaccount.com",
            "project": "timerapp-2997d",
            "role": "roles/storage.objectViewer"
          },
          "sensitive_attributes": [],
          "identity_schema_version": 0,
          "private": "bnVsbA==",
          "dependencies": [
            "google_service_account.function_runtime"
          ]
        }
      ]
    },
    {
      "mode": "managed",
      "type": "google_project_iam_member",
      "name": "sa_cloud_functions",
      "provider": "provider[\"registry.terraform.io/hashicorp/google\"]",
      "instances": [
        {
          "index_key": 0,
          "schema_version": 0,
          "attributes": {
            "condition": [],
            "etag": "BwZD2+KXZ3A=",
            "id": "timerapp-2997d/roles/cloudfunctions.admin/serviceAccount:ci-deployer@timerapp-2997d.iam.gserviceaccount.com",
            "member": "serviceAccount:ci-deployer@timerapp-2997d.iam.gserviceaccount.com",
            "project": "timerapp-2997d",
            "role": "roles/cloudfunctions.admin"
          },
          "sensitive_attributes": [],
          "identity_schema_version": 0,
          "private": "bnVsbA==",
          "dependencies": [
            "google_service_account.ci_deployer"
          ]
        }
      ]
    },
    {
      "mode": "managed",
      "type": "google_project_iam_member",
      "name": "sa_iam_serviceAccountUser",
      "provider": "provider[\"registry.terraform.io/hashicorp/google\"]",
      "instances": [
        {
          "index_key": 0,
          "schema_version": 0,
          "attributes": {
            "condition": [],
            "etag": "BwZD2+KXZ3A=",
            "id": "timerapp-2997d/roles/iam.serviceAccountUser/serviceAccount:ci-deployer@timerapp-2997d.iam.gserviceaccount.com",
            "member": "serviceAccount:ci-deployer@timerapp-2997d.iam.gserviceaccount.com",
            "project": "timerapp-2997d",
            "role": "roles/iam.serviceAccountUser"
          },
          "sensitive_attributes": [],
          "identity_schema_version": 0,
          "private": "bnVsbA==",
          "dependencies": [
            "google_service_account.ci_deployer"
          ]
        }
      ]
    },
    {
      "mode": "managed",
      "type": "google_project_iam_member",
      "name": "sa_pubsub_admin",
      "provider": "provider[\"registry.terraform.io/hashicorp/google\"]",
      "instances": [
        {
          "index_key": 0,
          "schema_version": 0,
          "attributes": {
            "condition": [],
            "etag": "BwZD2+KXZ3A=",
            "id": "timerapp-2997d/roles/pubsub.admin/serviceAccount:ci-deployer@timerapp-2997d.iam.gserviceaccount.com",
            "member": "serviceAccount:ci-deployer@timerapp-2997d.iam.gserviceaccount.com",
            "project": "timerapp-2997d",
            "role": "roles/pubsub.admin"
          },
          "sensitive_attributes": [],
          "identity_schema_version": 0,
          "private": "bnVsbA==",
          "dependencies": [
            "google_service_account.ci_deployer"
          ]
        }
      ]
    },
    {
      "mode": "managed",
      "type": "google_project_iam_member",
      "name": "sa_scheduler_admin",
      "provider": "provider[\"registry.terraform.io/hashicorp/google\"]",
      "instances": [
        {
          "index_key": 0,
          "schema_version": 0,
          "attributes": {
            "condition": [],
            "etag": "BwZD2+KXZ3A=",
            "id": "timerapp-2997d/roles/cloudscheduler.admin/serviceAccount:ci-deployer@timerapp-2997d.iam.gserviceaccount.com",
            "member": "serviceAccount:ci-deployer@timerapp-2997d.iam.gserviceaccount.com",
            "project": "timerapp-2997d",
            "role": "roles/cloudscheduler.admin"
          },
          "sensitive_attributes": [],
          "identity_schema_version": 0,
          "private": "bnVsbA==",
          "dependencies": [
            "google_service_account.ci_deployer"
          ]
        }
      ]
    },
    {
      "mode": "managed",
      "type": "google_project_iam_member",
      "name": "sa_storage_admin",
      "provider": "provider[\"registry.terraform.io/hashicorp/google\"]",
      "instances": [
        {
          "index_key": 0,
          "schema_version": 0,
          "attributes": {
            "condition": [],
            "etag": "BwZD2+KXZ3A=",
            "id": "timerapp-2997d/roles/storage.admin/serviceAccount:ci-deployer@timerapp-2997d.iam.gserviceaccount.com",
            "member": "serviceAccount:ci-deployer@timerapp-2997d.iam.gserviceaccount.com",
            "project": "timerapp-2997d",
            "role": "roles/storage.admin"
          },
          "sensitive_attributes": [],
          "identity_schema_version": 0,
          "private": "bnVsbA==",
          "dependencies": [
            "google_service_account.ci_deployer"
          ]
        }
      ]
    },
    {
      "mode": "managed",
      "type": "google_project_service",
      "name": "cloudbuild",
      "provider": "provider[\"registry.terraform.io/hashicorp/google\"]",
      "instances": [
        {
          "schema_version": 0,
          "attributes": {
            "disable_dependent_services": null,
            "disable_on_destroy": true,
            "id": "timerapp-2997d/cloudbuild.googleapis.com",
            "project": "timerapp-2997d",
            "service": "cloudbuild.googleapis.com",
            "timeouts": null
          },
          "sensitive_attributes": [],
          "identity_schema_version": 0,
          "private": "eyJlMmJmYjczMC1lY2FhLTExZTYtOGY4OC0zNDM2M2JjN2M0YzAiOnsiY3JlYXRlIjoxMjAwMDAwMDAwMDAwLCJkZWxldGUiOjEyMDAwMDAwMDAwMDAsInJlYWQiOjYwMDAwMDAwMDAwMCwidXBkYXRlIjoxMjAwMDAwMDAwMDAwfX0="
        }
      ]
    },
    {
      "mode": "managed",
      "type": "google_project_service",
      "name": "cloudfunctions",
      "provider": "provider[\"registry.terraform.io/hashicorp/google\"]",
      "instances": [
        {
          "schema_version": 0,
          "attributes": {
            "disable_dependent_services": null,
            "disable_on_destroy": true,
            "id": "timerapp-2997d/cloudfunctions.googleapis.com",
            "project": "timerapp-2997d",
            "service": "cloudfunctions.googleapis.com",
            "timeouts": null
          },
          "sensitive_attributes": [],
          "identity_schema_version": 0,
          "private": "eyJlMmJmYjczMC1lY2FhLTExZTYtOGY4OC0zNDM2M2JjN2M0YzAiOnsiY3JlYXRlIjoxMjAwMDAwMDAwMDAwLCJkZWxldGUiOjEyMDAwMDAwMDAwMDAsInJlYWQiOjYwMDAwMDAwMDAwMCwidXBkYXRlIjoxMjAwMDAwMDAwMDAwfX0="
        }
      ]
    },
    {
      "mode": "managed",
      "type": "google_project_service",
      "name": "cloudscheduler",
      "provider": "provider[\"registry.terraform.io/hashicorp/google\"]",
      "instances": [
        {
          "schema_version": 0,
          "attributes": {
            "disable_dependent_services": null,
            "disable_on_destroy": true,
            "id": "timerapp-2997d/cloudscheduler.googleapis.com",
            "project": "timerapp-2997d",
            "service": "cloudscheduler.googleapis.com",
            "timeouts": null
          },
          "sensitive_attributes": [],
          "identity_schema_version": 0,
          "private": "eyJlMmJmYjczMC1lY2FhLTExZTYtOGY4OC0zNDM2M2JjN2M0YzAiOnsiY3JlYXRlIjoxMjAwMDAwMDAwMDAwLCJkZWxldGUiOjEyMDAwMDAwMDAwMDAsInJlYWQiOjYwMDAwMDAwMDAwMCwidXBkYXRlIjoxMjAwMDAwMDAwMDAwfX0="
        }
      ]
    },
    {
      "mode": "managed",
      "type": "google_project_service",
      "name": "firebase",
      "provider": "provider[\"registry.terraform.io/hashicorp/google\"]",
      "instances": [
        {
          "schema_version": 0,
          "attributes": {
            "disable_dependent_services": null,
            "disable_on_destroy": true,
            "id": "timerapp-2997d/firebase.googleapis.com",
            "project": "timerapp-2997d",
            "service": "firebase.googleapis.com",
            "timeouts": null
          },
          "sensitive_attributes": [],
          "identity_schema_version": 0,
          "private": "eyJlMmJmYjczMC1lY2FhLTExZTYtOGY4OC0zNDM2M2JjN2M0YzAiOnsiY3JlYXRlIjoxMjAwMDAwMDAwMDAwLCJkZWxldGUiOjEyMDAwMDAwMDAwMDAsInJlYWQiOjYwMDAwMDAwMDAwMCwidXBkYXRlIjoxMjAwMDAwMDAwMDAwfX0="
        }
      ]
    },
    {
      "mode": "managed",
      "type": "google_project_service",
      "name": "iam",
      "provider": "provider[\"registry.terraform.io/hashicorp/google\"]",
      "instances": [
        {
          "schema_version": 0,
          "attributes": {
            "disable_dependent_services": null,
            "disable_on_destroy": true,
            "id": "timerapp-2997d/iam.googleapis.com",
            "project": "timerapp-2997d",
            "service": "iam.googleapis.com",
            "timeouts": null
          },
          "sensitive_attributes": [],
          "identity_schema_version": 0,
          "private": "eyJlMmJmYjczMC1lY2FhLTExZTYtOGY4OC0zNDM2M2JjN2M0YzAiOnsiY3JlYXRlIjoxMjAwMDAwMDAwMDAwLCJkZWxldGUiOjEyMDAwMDAwMDAwMDAsInJlYWQiOjYwMDAwMDAwMDAwMCwidXBkYXRlIjoxMjAwMDAwMDAwMDAwfX0="
        }
      ]
    },
    {
      "mode": "managed",
      "type": "google_project_service",
      "name": "iam_api",
      "provider": "provider[\"registry.terraform.io/hashicorp/google\"]",
      "instances": [
        {
          "schema_version": 0,
          "attributes": {
            "disable_dependent_services": null,
            "disable_on_destroy": true,
            "id": "timerapp-2997d/iam.googleapis.com",
            "project": "timerapp-2997d",
            "service": "iam.googleapis.com",
            "timeouts": null
          },
          "sensitive_attributes": [],
          "identity_schema_version": 0,
          "private": "eyJlMmJmYjczMC1lY2FhLTExZTYtOGY4OC0zNDM2M2JjN2M0YzAiOnsiY3JlYXRlIjoxMjAwMDAwMDAwMDAwLCJkZWxldGUiOjEyMDAwMDAwMDAwMDAsInJlYWQiOjYwMDAwMDAwMDAwMCwidXBkYXRlIjoxMjAwMDAwMDAwMDAwfX0="
        }
      ]
    },
    {
      "mode": "managed",
      "type": "google_project_service",
      "name": "iap_api",
      "provider": "provider[\"registry.terraform.io/hashicorp/google\"]",
      "instances": [
        {
          "schema_version": 0,
          "attributes": {
            "disable_dependent_services": null,
            "disable_on_destroy": true,
            "id": "timerapp-2997d/iap.googleapis.com",
            "project": "timerapp-2997d",
            "service": "iap.googleapis.com",
            "timeouts": null
          },
          "sensitive_attributes": [],
          "identity_schema_version": 0,
          "private": "eyJlMmJmYjczMC1lY2FhLTExZTYtOGY4OC0zNDM2M2JjN2M0YzAiOnsiY3JlYXRlIjoxMjAwMDAwMDAwMDAwLCJkZWxldGUiOjEyMDAwMDAwMDAwMDAsInJlYWQiOjYwMDAwMDAwMDAwMCwidXBkYXRlIjoxMjAwMDAwMDAwMDAwfX0="
        }
      ]
    },
    {
      "mode": "managed",
      "type": "google_project_service",
      "name": "pubsub",
      "provider": "provider[\"registry.terraform.io/hashicorp/google\"]",
      "instances": [
        {
          "schema_version": 0,
          "attributes": {
            "disable_dependent_services": null,
            "disable_on_destroy": true,
            "id": "timerapp-2997d/pubsub.googleapis.com",
            "project": "timerapp-2997d",
            "service": "pubsub.googleapis.com",
            "timeouts": null
          },
          "sensitive_attributes": [],
          "identity_schema_version": 0,
          "private": "eyJlMmJmYjczMC1lY2FhLTExZTYtOGY4OC0zNDM2M2JjN2M0YzAiOnsiY3JlYXRlIjoxMjAwMDAwMDAwMDAwLCJkZWxldGUiOjEyMDAwMDAwMDAwMDAsInJlYWQiOjYwMDAwMDAwMDAwMCwidXBkYXRlIjoxMjAwMDAwMDAwMDAwfX0="
        }
      ]
    },
    {
      "mode": "managed",
      "type": "google_project_service",
      "name": "run",
      "provider": "provider[\"registry.terraform.io/hashicorp/google\"]",
      "instances": [
        {
          "schema_version": 0,
          "attributes": {
            "disable_dependent_services": null,
            "disable_on_destroy": true,
            "id": "timerapp-2997d/run.googleapis.com",
            "project": "timerapp-2997d",
            "service": "run.googleapis.com",
            "timeouts": null
          },
          "sensitive_attributes": [],
          "identity_schema_version": 0,
          "private": "eyJlMmJmYjczMC1lY2FhLTExZTYtOGY4OC0zNDM2M2JjN2M0YzAiOnsiY3JlYXRlIjoxMjAwMDAwMDAwMDAwLCJkZWxldGUiOjEyMDAwMDAwMDAwMDAsInJlYWQiOjYwMDAwMDAwMDAwMCwidXBkYXRlIjoxMjAwMDAwMDAwMDAwfX0="
        }
      ]
    },
    {
      "mode": "managed",
      "type": "google_project_service",
      "name": "storage",
      "provider": "provider[\"registry.terraform.io/hashicorp/google\"]",
      "instances": [
        {
          "schema_version": 0,
          "attributes": {
            "disable_dependent_services": null,
            "disable_on_destroy": true,
            "id": "timerapp-2997d/storage.googleapis.com",
            "project": "timerapp-2997d",
            "service": "storage.googleapis.com",
            "timeouts": null
          },
          "sensitive_attributes": [],
          "identity_schema_version": 0,
          "private": "eyJlMmJmYjczMC1lY2FhLTExZTYtOGY4OC0zNDM2M2JjN2M0YzAiOnsiY3JlYXRlIjoxMjAwMDAwMDAwMDAwLCJkZWxldGUiOjEyMDAwMDAwMDAwMDAsInJlYWQiOjYwMDAwMDAwMDAwMCwidXBkYXRlIjoxMjAwMDAwMDAwMDAwfX0="
        }
      ]
    },
    {
      "mode": "managed",
      "type": "google_project_service",
      "name": "sts_api",
      "provider": "provider[\"registry.terraform.io/hashicorp/google\"]",
      "instances": [
        {
          "schema_version": 0,
          "attributes": {
            "disable_dependent_services": null,
            "disable_on_destroy": true,
            "id": "timerapp-2997d/sts.googleapis.com",
            "project": "timerapp-2997d",
            "service": "sts.googleapis.com",
            "timeouts": null
          },
          "sensitive_attributes": [],
          "identity_schema_version": 0,
          "private": "eyJlMmJmYjczMC1lY2FhLTExZTYtOGY4OC0zNDM2M2JjN2M0YzAiOnsiY3JlYXRlIjoxMjAwMDAwMDAwMDAwLCJkZWxldGUiOjEyMDAwMDAwMDAwMDAsInJlYWQiOjYwMDAwMDAwMDAwMCwidXBkYXRlIjoxMjAwMDAwMDAwMDAwfX0="
        }
      ]
    },
    {
      "mode": "managed",
      "type": "google_pubsub_topic",
      "name": "cleanup_topic",
      "provider": "provider[\"registry.terraform.io/hashicorp/google\"]",
      "instances": [
        {
          "schema_version": 0,
          "attributes": {
            "id": "projects/timerapp-2997d/topics/cleanup-topic",
            "kms_key_name": "",
            "labels": {},
            "message_retention_duration": "",
            "message_storage_policy": [],
            "name": "cleanup-topic",
            "project": "timerapp-2997d",
            "schema_settings": [],
            "timeouts": {
              "create": null,
              "delete": null,
              "update": null
            }
          },
          "sensitive_attributes": [],
          "identity_schema_version": 0,
          "private": "eyJlMmJmYjczMC1lY2FhLTExZTYtOGY4OC0zNDM2M2JjN2M0YzAiOnsiY3JlYXRlIjoxMjAwMDAwMDAwMDAwLCJkZWxldGUiOjEyMDAwMDAwMDAwMDAsInVwZGF0ZSI6MTIwMDAwMDAwMDAwMH0sInNjaGVtYV92ZXJzaW9uIjoiMCJ9"
        }
      ]
    },
    {
      "mode": "managed",
      "type": "google_service_account",
      "name": "ci_deployer",
      "provider": "provider[\"registry.terraform.io/hashicorp/google\"]",
      "instances": [
        {
          "index_key": 0,
          "schema_version": 0,
          "attributes": {
            "account_id": "ci-deployer",
            "description": "",
            "disabled": false,
            "display_name": "CI Deployer (Terraform/GitHub Actions)",
            "email": "ci-deployer@timerapp-2997d.iam.gserviceaccount.com",
            "id": "projects/timerapp-2997d/serviceAccounts/ci-deployer@timerapp-2997d.iam.gserviceaccount.com",
            "member": "serviceAccount:ci-deployer@timerapp-2997d.iam.gserviceaccount.com",
            "name": "projects/timerapp-2997d/serviceAccounts/ci-deployer@timerapp-2997d.iam.gserviceaccount.com",
            "project": "timerapp-2997d",
            "timeouts": {
              "create": null
            },
            "unique_id": "101844604015552083198"
          },
          "sensitive_attributes": [],
          "identity_schema_version": 0,
          "private": "eyJlMmJmYjczMC1lY2FhLTExZTYtOGY4OC0zNDM2M2JjN2M0YzAiOnsiY3JlYXRlIjozMDAwMDAwMDAwMDB9LCJzY2hlbWFfdmVyc2lvbiI6IjAifQ=="
        }
      ]
    },
    {
      "mode": "managed",
      "type": "google_service_account",
      "name": "function_runtime",
      "provider": "provider[\"registry.terraform.io/hashicorp/google\"]",
      "instances": [
        {
          "schema_version": 0,
          "attributes": {
            "account_id": "timer-app-function",
            "description": "Service account used as runtime identity for Cloud Functions",
            "disabled": false,
            "display_name": "Timer App Function Runtime SA",
            "email": "timer-app-function@timerapp-2997d.iam.gserviceaccount.com",
            "id": "projects/timerapp-2997d/serviceAccounts/timer-app-function@timerapp-2997d.iam.gserviceaccount.com",
            "member": "serviceAccount:timer-app-function@timerapp-2997d.iam.gserviceaccount.com",
            "name": "projects/timerapp-2997d/serviceAccounts/timer-app-function@timerapp-2997d.iam.gserviceaccount.com",
            "project": "timerapp-2997d",
            "timeouts": null,
            "unique_id": "101064611462963157579"
          },
          "sensitive_attributes": [],
          "identity_schema_version": 0,
          "private": "eyJlMmJmYjczMC1lY2FhLTExZTYtOGY4OC0zNDM2M2JjN2M0YzAiOnsiY3JlYXRlIjozMDAwMDAwMDAwMDB9fQ=="
        }
      ]
    },
    {
      "mode": "managed",
      "type": "google_service_account",
      "name": "github_actions",
      "provider": "provider[\"registry.terraform.io/hashicorp/google\"]",
      "instances": [
        {
          "schema_version": 0,
          "attributes": {
            "account_id": "github-actions",
            "description": "Service account used by GitHub Actions for automated deployments",
            "disabled": false,
            "display_name": "GitHub Actions Service Account",
            "email": "github-actions@timerapp-2997d.iam.gserviceaccount.com",
            "id": "projects/timerapp-2997d/serviceAccounts/github-actions@timerapp-2997d.iam.gserviceaccount.com",
            "member": "serviceAccount:github-actions@timerapp-2997d.iam.gserviceaccount.com",
            "name": "projects/timerapp-2997d/serviceAccounts/github-actions@timerapp-2997d.iam.gserviceaccount.com",
            "project": "timerapp-2997d",
            "timeouts": null,
            "unique_id": "114843608700222831006"
          },
          "sensitive_attributes": [],
          "identity_schema_version": 0,
          "private": "eyJlMmJmYjczMC1lY2FhLTExZTYtOGY4OC0zNDM2M2JjN2M0YzAiOnsiY3JlYXRlIjozMDAwMDAwMDAwMDB9fQ=="
        }
      ]
    },
    {
      "mode": "managed",
      "type": "google_storage_bucket",
      "name": "artifact_bucket",
      "provider": "provider[\"registry.terraform.io/hashicorp/google\"]",
      "instances": [
        {
          "schema_version": 0,
          "attributes": {
            "autoclass": [],
            "cors": [],
            "custom_placement_config": [],
            "default_event_based_hold": false,
            "encryption": [],
            "force_destroy": true,
            "id": "timerapp-2997d-artifacts",
            "labels": {},
            "lifecycle_rule": [],
            "location": "US-CENTRAL1",
            "logging": [],
            "name": "timerapp-2997d-artifacts",
            "project": "timerapp-2997d",
            "public_access_prevention": "inherited",
            "requester_pays": false,
            "retention_policy": [],
            "self_link": "https://www.googleapis.com/storage/v1/b/timerapp-2997d-artifacts",
            "soft_delete_policy": [
              {
                "effective_time": "2025-11-18T08:46:56.101Z",
                "retention_duration_seconds": 604800
              }
            ],
            "storage_class": "STANDARD",
            "timeouts": null,
            "uniform_bucket_level_access": true,
            "url": "gs://timerapp-2997d-artifacts",
            "versioning": [],
            "website": []
          },
          "sensitive_attributes": [],
          "identity_schema_version": 0,
          "private": "eyJlMmJmYjczMC1lY2FhLTExZTYtOGY4OC0zNDM2M2JjN2M0YzAiOnsiY3JlYXRlIjo2MDAwMDAwMDAwMDAsInJlYWQiOjI0MDAwMDAwMDAwMCwidXBkYXRlIjoyNDAwMDAwMDAwMDB9fQ=="
        }
      ]
    },
    {
      "mode": "managed",
      "type": "google_storage_bucket_object",
      "name": "function_zip",
      "provider": "provider[\"registry.terraform.io/hashicorp/google\"]",
      "instances": [
        {
          "schema_version": 0,
          "attributes": {
            "bucket": "timerapp-2997d-artifacts",
            "cache_control": "",
            "content": null,
            "content_disposition": "",
            "content_encoding": "",
            "content_language": "",
            "content_type": "application/zip",
            "crc32c": "JZx+wA==",
            "customer_encryption": [],
            "detect_md5hash": "0aYx91MDNVthsluRSd5gzQ==",
            "event_based_hold": false,
            "id": "timerapp-2997d-artifacts-functions/cleanup.zip",
            "kms_key_name": "",
            "md5hash": "0aYx91MDNVthsluRSd5gzQ==",
            "media_link": "https://storage.googleapis.com/download/storage/v1/b/timerapp-2997d-artifacts/o/functions%2Fcleanup.zip?generation=1763461385657121\u0026alt=media",
            "metadata": {},
            "name": "functions/cleanup.zip",
            "output_name": "functions/cleanup.zip",
            "self_link": "https://www.googleapis.com/storage/v1/b/timerapp-2997d-artifacts/o/functions%2Fcleanup.zip",
            "source": "../functions-artifact.zip",
            "storage_class": "STANDARD",
            "temporary_hold": false,
            "timeouts": null
          },
          "sensitive_attributes": [
            [
              {
                "type": "get_attr",
                "value": "content"
              }
            ]
          ],
          "identity_schema_version": 0,
          "private": "eyJlMmJmYjczMC1lY2FhLTExZTYtOGY4OC0zNDM2M2JjN2M0YzAiOnsiY3JlYXRlIjoyNDAwMDAwMDAwMDAsImRlbGV0ZSI6MjQwMDAwMDAwMDAwLCJ1cGRhdGUiOjI0MDAwMDAwMDAwMH19",
          "dependencies": [
            "google_storage_bucket.artifact_bucket"
          ]
        }
      ]
    }
  ],
  "check_results": null
}
